
Microsoft Visual Studio Solution File, Format Version 12.00
# Visual Studio 15
VisualStudioVersion = 15.0.28010.2050
MinimumVisualStudioVersion = 10.0.40219.1
Project("{FAE04EC0-301F-11D3-BF4B-00C04F79EFBC}") = "MtsXmlGenerator", "MtsXmlGenerator\MtsXmlGenerator.csproj", "{1EE977D1-6924-47F8-8393-7A0D6D9D70CE}"
EndProject
Project("{FAE04EC0-301F-11D3-BF4B-00C04F79EFBC}") = "MtsXmlGeneratorTests", "MtsXmlGeneratorTests\MtsXmlGeneratorTests.csproj", "{58D7E067-CF41-4FD2-AFD0-A9430D4B8CEF}"
EndProject
Global
	GlobalSection(SolutionConfigurationPlatforms) = preSolution
		Debug|Any CPU = Debug|Any CPU
		Release|Any CPU = Release|Any CPU
	EndGlobalSection
	GlobalSection(ProjectConfigurationPlatforms) = postSolution
		{1EE977D1-6924-47F8-8393-7A0D6D9D70CE}.Debug|Any CPU.ActiveCfg = Debug|Any CPU
		{1EE977D1-6924-47F8-8393-7A0D6D9D70CE}.Debug|Any CPU.Build.0 = Debug|Any CPU
		{1EE977D1-6924-47F8-8393-7A0D6D9D70CE}.Release|Any CPU.ActiveCfg = Release|Any CPU
		{1EE977D1-6924-47F8-8393-7A0D6D9D70CE}.Release|Any CPU.Build.0 = Release|Any CPU
		{58D7E067-CF41-4FD2-AFD0-A9430D4B8CEF}.Debug|Any CPU.ActiveCfg = Debug|Any CPU
		{58D7E067-CF41-4FD2-AFD0-A9430D4B8CEF}.Debug|Any CPU.Build.0 = Debug|Any CPU
		{58D7E067-CF41-4FD2-AFD0-A9430D4B8CEF}.Release|Any CPU.ActiveCfg = Release|Any CPU
		{58D7E067-CF41-4FD2-AFD0-A9430D4B8CEF}.Release|Any CPU.Build.0 = Release|Any CPU
	EndGlobalSection
	GlobalSection(SolutionProperties) = preSolution
		HideSolutionNode = FALSE
	EndGlobalSection
	GlobalSection(ExtensibilityGlobals) = postSolution
		SolutionGuid = {725B5D63-73FC-469C-8345-84E0C6B5A507}
	EndGlobalSection
EndGlobal
